
Microsoft Visual Studio Solution File, Format Version 12.00
Project("{2150E333-8FDC-42A3-9474-1A3956D46DE8}") = "src", "src", "{00D16ED2-8DE3-43B9-AF60-01FDE4822B37}"
EndProject
Project("{2150E333-8FDC-42A3-9474-1A3956D46DE8}") = "tests", "tests", "{17B07016-3609-4116-A95E-11F9E9D1E5E0}"
EndProject
Project("{FAE04EC0-301F-11D3-BF4B-00C04F79EFBC}") = "LibraryApp.API", "LibraryApp.API\LibraryApp.API.csproj", "{7A293484-14B5-4146-9BB1-7D8C99CED4DD}"
EndProject
Project("{FAE04EC0-301F-11D3-BF4B-00C04F79EFBC}") = "LibraryApp.Business", "LibraryApp.Business\LibraryApp.Business.csproj", "{7C952E9F-814B-40EA-9E48-8B84E130AC18}"
EndProject
Project("{FAE04EC0-301F-11D3-BF4B-00C04F79EFBC}") = "LibraryApp.DataAccess", "LibraryApp.DataAccess\LibraryApp.DataAccess.csproj", "{035D6265-3D6F-409A-B00E-6A73EA9D2566}"
EndProject
Global
	GlobalSection(SolutionConfigurationPlatforms) = preSolution
		Debug|Any CPU = Debug|Any CPU
		Release|Any CPU = Release|Any CPU
	EndGlobalSection
	GlobalSection(NestedProjects) = preSolution
		{7A293484-14B5-4146-9BB1-7D8C99CED4DD} = {00D16ED2-8DE3-43B9-AF60-01FDE4822B37}
		{7C952E9F-814B-40EA-9E48-8B84E130AC18} = {00D16ED2-8DE3-43B9-AF60-01FDE4822B37}
		{035D6265-3D6F-409A-B00E-6A73EA9D2566} = {00D16ED2-8DE3-43B9-AF60-01FDE4822B37}
	EndGlobalSection
	GlobalSection(ProjectConfigurationPlatforms) = postSolution
		{7A293484-14B5-4146-9BB1-7D8C99CED4DD}.Debug|Any CPU.ActiveCfg = Debug|Any CPU
		{7A293484-14B5-4146-9BB1-7D8C99CED4DD}.Debug|Any CPU.Build.0 = Debug|Any CPU
		{7A293484-14B5-4146-9BB1-7D8C99CED4DD}.Release|Any CPU.ActiveCfg = Release|Any CPU
		{7A293484-14B5-4146-9BB1-7D8C99CED4DD}.Release|Any CPU.Build.0 = Release|Any CPU
		{7C952E9F-814B-40EA-9E48-8B84E130AC18}.Debug|Any CPU.ActiveCfg = Debug|Any CPU
		{7C952E9F-814B-40EA-9E48-8B84E130AC18}.Debug|Any CPU.Build.0 = Debug|Any CPU
		{7C952E9F-814B-40EA-9E48-8B84E130AC18}.Release|Any CPU.ActiveCfg = Release|Any CPU
		{7C952E9F-814B-40EA-9E48-8B84E130AC18}.Release|Any CPU.Build.0 = Release|Any CPU
		{035D6265-3D6F-409A-B00E-6A73EA9D2566}.Debug|Any CPU.ActiveCfg = Debug|Any CPU
		{035D6265-3D6F-409A-B00E-6A73EA9D2566}.Debug|Any CPU.Build.0 = Debug|Any CPU
		{035D6265-3D6F-409A-B00E-6A73EA9D2566}.Release|Any CPU.ActiveCfg = Release|Any CPU
		{035D6265-3D6F-409A-B00E-6A73EA9D2566}.Release|Any CPU.Build.0 = Release|Any CPU
	EndGlobalSection
EndGlobal
